
Microsoft Visual Studio Solution File, Format Version 9.00
# Visual Studio 2005
Project("{FAE04EC0-301F-11D3-BF4B-00C04F79EFBC}") = "CallBookService", "CallBookService\CallBookService.csproj", "{5632880C-EFC0-45F8-B8E9-0C9B2BE1B8DA}"
EndProject
Global
	GlobalSection(SolutionConfigurationPlatforms) = preSolution
		Debug|Any CPU = Debug|Any CPU
		Release|Any CPU = Release|Any CPU
	EndGlobalSection
	GlobalSection(ProjectConfigurationPlatforms) = postSolution
		{5632880C-EFC0-45F8-B8E9-0C9B2BE1B8DA}.Debug|Any CPU.ActiveCfg = Debug|Any CPU
		{5632880C-EFC0-45F8-B8E9-0C9B2BE1B8DA}.Debug|Any CPU.Build.0 = Debug|Any CPU
		{5632880C-EFC0-45F8-B8E9-0C9B2BE1B8DA}.Release|Any CPU.ActiveCfg = Release|Any CPU
		{5632880C-EFC0-45F8-B8E9-0C9B2BE1B8DA}.Release|Any CPU.Build.0 = Release|Any CPU
	EndGlobalSection
	GlobalSection(SolutionProperties) = preSolution
		HideSolutionNode = FALSE
	EndGlobalSection
EndGlobal
